
Microsoft Visual Studio Solution File, Format Version 12.00
# Visual Studio 2013
VisualStudioVersion = 12.0.21005.1
MinimumVisualStudioVersion = 10.0.40219.1
Project("{FAE04EC0-301F-11D3-BF4B-00C04F79EFBC}") = "TrackingSystem", "TrackingSystem\TrackingSystem.csproj", "{79621331-99DD-4754-9B7E-EC15C4250DB6}"
EndProject
Project("{FAE04EC0-301F-11D3-BF4B-00C04F79EFBC}") = "TrackingSystem.Data", "TrackingSystem.Data\TrackingSystem.Data.csproj", "{824CAD2C-9A46-45BD-B13A-5F10046C1DE2}"
EndProject
Project("{FAE04EC0-301F-11D3-BF4B-00C04F79EFBC}") = "TrackingSystem.Models", "TrackingSystem.Models\TrackingSystem.Models.csproj", "{D8D4E277-91D1-4C63-B0F1-47B646461F11}"
EndProject
Project("{FAE04EC0-301F-11D3-BF4B-00C04F79EFBC}") = "TrackingSystem.Common", "TrackingSystem.Common\TrackingSystem.Common.csproj", "{A8AA56C9-C9A6-49E9-9A60-97C9992DD73D}"
EndProject
Project("{FAE04EC0-301F-11D3-BF4B-00C04F79EFBC}") = "TrackingSystem.Services", "TrackingSystem.Services\TrackingSystem.Services.csproj", "{83A2CBD9-E165-4A9C-BE24-9FC703DEA5E8}"
EndProject
Project("{FAE04EC0-301F-11D3-BF4B-00C04F79EFBC}") = "TrackingSystem.Services.Web", "TrackingSystem.Services.Web\TrackingSystem.Services.Web.csproj", "{5210B6ED-7161-45E9-B353-6177454B42EC}"
EndProject
Global
	GlobalSection(SolutionConfigurationPlatforms) = preSolution
		Debug|Any CPU = Debug|Any CPU
		Release|Any CPU = Release|Any CPU
	EndGlobalSection
	GlobalSection(ProjectConfigurationPlatforms) = postSolution
		{79621331-99DD-4754-9B7E-EC15C4250DB6}.Debug|Any CPU.ActiveCfg = Release|Any CPU
		{79621331-99DD-4754-9B7E-EC15C4250DB6}.Debug|Any CPU.Build.0 = Release|Any CPU
		{79621331-99DD-4754-9B7E-EC15C4250DB6}.Release|Any CPU.ActiveCfg = Release|Any CPU
		{79621331-99DD-4754-9B7E-EC15C4250DB6}.Release|Any CPU.Build.0 = Release|Any CPU
		{824CAD2C-9A46-45BD-B13A-5F10046C1DE2}.Debug|Any CPU.ActiveCfg = Release|Any CPU
		{824CAD2C-9A46-45BD-B13A-5F10046C1DE2}.Debug|Any CPU.Build.0 = Release|Any CPU
		{824CAD2C-9A46-45BD-B13A-5F10046C1DE2}.Release|Any CPU.ActiveCfg = Release|Any CPU
		{824CAD2C-9A46-45BD-B13A-5F10046C1DE2}.Release|Any CPU.Build.0 = Release|Any CPU
		{D8D4E277-91D1-4C63-B0F1-47B646461F11}.Debug|Any CPU.ActiveCfg = Release|Any CPU
		{D8D4E277-91D1-4C63-B0F1-47B646461F11}.Debug|Any CPU.Build.0 = Release|Any CPU
		{D8D4E277-91D1-4C63-B0F1-47B646461F11}.Release|Any CPU.ActiveCfg = Release|Any CPU
		{D8D4E277-91D1-4C63-B0F1-47B646461F11}.Release|Any CPU.Build.0 = Release|Any CPU
		{A8AA56C9-C9A6-49E9-9A60-97C9992DD73D}.Debug|Any CPU.ActiveCfg = Debug|Any CPU
		{A8AA56C9-C9A6-49E9-9A60-97C9992DD73D}.Debug|Any CPU.Build.0 = Debug|Any CPU
		{A8AA56C9-C9A6-49E9-9A60-97C9992DD73D}.Release|Any CPU.ActiveCfg = Release|Any CPU
		{A8AA56C9-C9A6-49E9-9A60-97C9992DD73D}.Release|Any CPU.Build.0 = Release|Any CPU
		{83A2CBD9-E165-4A9C-BE24-9FC703DEA5E8}.Debug|Any CPU.ActiveCfg = Debug|Any CPU
		{83A2CBD9-E165-4A9C-BE24-9FC703DEA5E8}.Debug|Any CPU.Build.0 = Debug|Any CPU
		{83A2CBD9-E165-4A9C-BE24-9FC703DEA5E8}.Release|Any CPU.ActiveCfg = Release|Any CPU
		{83A2CBD9-E165-4A9C-BE24-9FC703DEA5E8}.Release|Any CPU.Build.0 = Release|Any CPU
		{5210B6ED-7161-45E9-B353-6177454B42EC}.Debug|Any CPU.ActiveCfg = Debug|Any CPU
		{5210B6ED-7161-45E9-B353-6177454B42EC}.Debug|Any CPU.Build.0 = Debug|Any CPU
		{5210B6ED-7161-45E9-B353-6177454B42EC}.Release|Any CPU.ActiveCfg = Release|Any CPU
		{5210B6ED-7161-45E9-B353-6177454B42EC}.Release|Any CPU.Build.0 = Release|Any CPU
	EndGlobalSection
	GlobalSection(SolutionProperties) = preSolution
		HideSolutionNode = FALSE
	EndGlobalSection
EndGlobal
